
Microsoft Visual Studio Solution File, Format Version 12.00
# Visual Studio Version 17
VisualStudioVersion = 17.11.35222.181
MinimumVisualStudioVersion = 10.0.40219.1
Project("{FAE04EC0-301F-11D3-BF4B-00C04F79EFBC}") = "ApiLocadora", "ApiLocadora.csproj", "{D0A3C00F-4A22-45D7-989F-334C4CB7422E}"
EndProject
Global
	GlobalSection(SolutionConfigurationPlatforms) = preSolution
		Debug|Any CPU = Debug|Any CPU
		Release|Any CPU = Release|Any CPU
	EndGlobalSection
	GlobalSection(ProjectConfigurationPlatforms) = postSolution
		{D0A3C00F-4A22-45D7-989F-334C4CB7422E}.Debug|Any CPU.ActiveCfg = Debug|Any CPU
		{D0A3C00F-4A22-45D7-989F-334C4CB7422E}.Debug|Any CPU.Build.0 = Debug|Any CPU
		{D0A3C00F-4A22-45D7-989F-334C4CB7422E}.Release|Any CPU.ActiveCfg = Release|Any CPU
		{D0A3C00F-4A22-45D7-989F-334C4CB7422E}.Release|Any CPU.Build.0 = Release|Any CPU
	EndGlobalSection
	GlobalSection(SolutionProperties) = preSolution
		HideSolutionNode = FALSE
	EndGlobalSection
	GlobalSection(ExtensibilityGlobals) = postSolution
		SolutionGuid = {21C5D78D-6D3C-49BE-920F-9BAB1B6046D1}
	EndGlobalSection
EndGlobal
